<?xml version="1.0" encoding="utf-8"?>
<Project ToolsVersion="4.0" xmlns:atg="http://atg.xbox.com" xmlns="http://schemas.microsoft.com/developer/msbuild/2003">
  <ItemGroup>
    <Filter Include="Resource Files">
      <UniqueIdentifier>{8e114980-c1a3-4ada-ad7c-83caadf5daeb}</UniqueIdentifier>
      <Extensions>rc;ico;cur;bmp;dlg;rc2;rct;bin;rgs;gif;jpg;jpeg;jpe</Extensions>
    </Filter>
    <Filter Include="Shaders">
      <UniqueIdentifier>{2c3d4c8c-5d1a-459a-a05a-a4e4b608a44e}</UniqueIdentifier>
      <Extensions>fx;fxh;hlsl</Extensions>
    </Filter>
    <Filter Include="Resource Files\Textures">
      <UniqueIdentifier>{84a4d56f-682d-4b12-a7c9-064cc08bce09}</UniqueIdentifier>
    </Filter>
    <Filter Include="Headers">
      <UniqueIdentifier>{4a8e5ca3-6eaf-4a50-b1df-0efb05785537}</UniqueIdentifier>
    </Filter>
    <Filter Include="Source">
      <UniqueIdentifier>{035bfa93-49cc-4894-80f6-22d88d5f0935}</UniqueIdentifier>
    </Filter>
    <Filter Include="Headers\ParticleSystem">
      <UniqueIdentifier>{dd256a47-3f08-43ed-89ba-7ca7c56eaa98}</UniqueIdentifier>
    </Filter>
    <Filter Include="Source\ParticleSystem">
      <UniqueIdentifier>{9d22914b-55ac-4574-86ae-387f73b0a735}</UniqueIdentifier>
    </Filter>
  </ItemGroup>
  <ItemGroup>
    <ClInclude Include="Application.h">
      <Filter>Headers</Filter>
    </ClInclude>
    <ClInclude Include="Camera.h">
      <Filter>Headers</Filter>
    </ClInclude>
    <ClInclude Include="DDSTextureLoader.h">
      <Filter>Headers</Filter>
    </ClInclude>
    <ClInclude Include="GameObject.h">
      <Filter>Headers</Filter>
    </ClInclude>
    <ClInclude Include="Transform.h">
      <Filter>Headers</Filter>
    </ClInclude>
    <ClInclude Include="ParticleModel.h">
      <Filter>Headers</Filter>
    </ClInclude>
    <ClInclude Include="Appearance.h">
      <Filter>Headers</Filter>
    </ClInclude>
    <ClInclude Include="Common.h">
      <Filter>Headers</Filter>
    </ClInclude>
    <ClInclude Include="Quaternion.h">
      <Filter>Headers</Filter>
    </ClInclude>
    <ClInclude Include="CarBody.h">
      <Filter>Headers</Filter>
    </ClInclude>
    <ClInclude Include="OctaTree.h">
      <Filter>Headers</Filter>
    </ClInclude>
    <ClInclude Include="Collision.h">
      <Filter>Headers</Filter>
    </ClInclude>
    <ClInclude Include="Spring.h">
      <Filter>Headers</Filter>
    </ClInclude>
    <ClInclude Include="Pole.h">
      <Filter>Headers</Filter>
    </ClInclude>
    <ClInclude Include="BaseParManager.h">
      <Filter>Headers\ParticleSystem</Filter>
    </ClInclude>
    <ClInclude Include="ParticleSystem.h">
      <Filter>Headers\ParticleSystem</Filter>
    </ClInclude>
    <ClInclude Include="FireParManager.h">
      <Filter>Headers\ParticleSystem</Filter>
    </ClInclude>
    <ClInclude Include="SnowParManager.h">
      <Filter>Headers\ParticleSystem</Filter>
    </ClInclude>
    <ClInclude Include="RainParManager.h">
      <Filter>Headers\ParticleSystem</Filter>
    </ClInclude>
  </ItemGroup>
  <ItemGroup>
    <ClCompile Include="Transform.cpp">
      <Filter>Source</Filter>
    </ClCompile>
    <ClCompile Include="GameObject.cpp">
      <Filter>Source</Filter>
    </ClCompile>
    <ClCompile Include="Camera.cpp">
      <Filter>Source</Filter>
    </ClCompile>
    <ClCompile Include="Application.cpp">
      <Filter>Source</Filter>
    </ClCompile>
    <ClCompile Include="DDSTextureLoader.cpp">
      <Filter>Source</Filter>
    </ClCompile>
    <ClCompile Include="Main.cpp">
      <Filter>Source</Filter>
    </ClCompile>
    <ClCompile Include="ParticleModel.cpp">
      <Filter>Source</Filter>
    </ClCompile>
    <ClCompile Include="Appearance.cpp">
      <Filter>Source</Filter>
    </ClCompile>
    <ClCompile Include="CarBody.cpp">
      <Filter>Source</Filter>
    </ClCompile>
    <ClCompile Include="OctaTree.cpp">
      <Filter>Source</Filter>
    </ClCompile>
    <ClCompile Include="Spring.cpp">
      <Filter>Source</Filter>
    </ClCompile>
    <ClCompile Include="Pole.cpp">
      <Filter>Source</Filter>
    </ClCompile>
    <ClCompile Include="BaseParManager.cpp">
      <Filter>Source\ParticleSystem</Filter>
    </ClCompile>
    <ClCompile Include="ParticleSystem.cpp">
      <Filter>Source\ParticleSystem</Filter>
    </ClCompile>
    <ClCompile Include="FireParManager.cpp">
      <Filter>Source\ParticleSystem</Filter>
    </ClCompile>
    <ClCompile Include="SnowParManager.cpp">
      <Filter>Source\ParticleSystem</Filter>
    </ClCompile>
    <ClCompile Include="RainParManager.cpp">
      <Filter>Source\ParticleSystem</Filter>
    </ClCompile>
  </ItemGroup>
  <ItemGroup>
    <CLInclude Include="resource.h">
      <Filter>Resource Files</Filter>
    </CLInclude>
  </ItemGroup>
  <ItemGroup>
    <ResourceCompile Include="DX11 Framework.rc">
      <Filter>Resource Files</Filter>
    </ResourceCompile>
  </ItemGroup>
  <ItemGroup>
    <FxCompile Include="DX11 Framework.fx">
      <Filter>Shaders</Filter>
    </FxCompile>
  </ItemGroup>
  <ItemGroup>
    <Image Include="Resources\floor.dds">
      <Filter>Resource Files\Textures</Filter>
    </Image>
    <Image Include="Resources\stone.dds">
      <Filter>Resource Files\Textures</Filter>
    </Image>
  </ItemGroup>
</Project>